
Microsoft Visual Studio Solution File, Format Version 12.00
# Visual Studio Version 17
VisualStudioVersion = 17.10.34814.14
MinimumVisualStudioVersion = 10.0.40219.1
Project("{FAE04EC0-301F-11D3-BF4B-00C04F79EFBC}") = "Blazor-Server", "Blazor-Server.csproj", "{9E8BDA0C-3FB3-459F-B83C-452253879A38}"
EndProject
Global
	GlobalSection(SolutionConfigurationPlatforms) = preSolution
		Debug|Any CPU = Debug|Any CPU
		Release|Any CPU = Release|Any CPU
	EndGlobalSection
	GlobalSection(ProjectConfigurationPlatforms) = postSolution
		{9E8BDA0C-3FB3-459F-B83C-452253879A38}.Debug|Any CPU.ActiveCfg = Debug|Any CPU
		{9E8BDA0C-3FB3-459F-B83C-452253879A38}.Debug|Any CPU.Build.0 = Debug|Any CPU
		{9E8BDA0C-3FB3-459F-B83C-452253879A38}.Release|Any CPU.ActiveCfg = Release|Any CPU
		{9E8BDA0C-3FB3-459F-B83C-452253879A38}.Release|Any CPU.Build.0 = Release|Any CPU
	EndGlobalSection
	GlobalSection(SolutionProperties) = preSolution
		HideSolutionNode = FALSE
	EndGlobalSection
	GlobalSection(ExtensibilityGlobals) = postSolution
		SolutionGuid = {400599C5-62CB-449D-818F-0E58F132994C}
	EndGlobalSection
EndGlobal
